
Microsoft Visual Studio Solution File, Format Version 12.00
# Visual Studio Version 17
VisualStudioVersion = 17.14.36414.22
MinimumVisualStudioVersion = 10.0.40219.1
Project("{FAE04EC0-301F-11D3-BF4B-00C04F79EFBC}") = "DiceY.Domain", "DiceY.Domain\DiceY.Domain.csproj", "{8BEDF067-8678-4561-BC15-5356F73593C1}"
EndProject
Project("{FAE04EC0-301F-11D3-BF4B-00C04F79EFBC}") = "DiceY.Variants", "DiceY.Variants\DiceY.Variants.csproj", "{9018E177-0D23-A395-8B82-0FEA94C47629}"
EndProject
Project("{FAE04EC0-301F-11D3-BF4B-00C04F79EFBC}") = "DiceY.Domain.Tests", "DiceY.Domain.Tests\DiceY.Domain.Tests.csproj", "{8805F425-45E4-9745-AB37-DCA9B4B1C861}"
EndProject
Project("{FAE04EC0-301F-11D3-BF4B-00C04F79EFBC}") = "DiceY.Variants.Tests", "DiceY.Variants.Tests\DiceY.Variants.Tests.csproj", "{47B94F0E-29EC-356E-FDAE-6A405494A378}"
EndProject
Global
	GlobalSection(SolutionConfigurationPlatforms) = preSolution
		Debug|Any CPU = Debug|Any CPU
		Release|Any CPU = Release|Any CPU
	EndGlobalSection
	GlobalSection(ProjectConfigurationPlatforms) = postSolution
		{8BEDF067-8678-4561-BC15-5356F73593C1}.Debug|Any CPU.ActiveCfg = Debug|Any CPU
		{8BEDF067-8678-4561-BC15-5356F73593C1}.Debug|Any CPU.Build.0 = Debug|Any CPU
		{8BEDF067-8678-4561-BC15-5356F73593C1}.Release|Any CPU.ActiveCfg = Release|Any CPU
		{8BEDF067-8678-4561-BC15-5356F73593C1}.Release|Any CPU.Build.0 = Release|Any CPU
		{9018E177-0D23-A395-8B82-0FEA94C47629}.Debug|Any CPU.ActiveCfg = Debug|Any CPU
		{9018E177-0D23-A395-8B82-0FEA94C47629}.Debug|Any CPU.Build.0 = Debug|Any CPU
		{9018E177-0D23-A395-8B82-0FEA94C47629}.Release|Any CPU.ActiveCfg = Release|Any CPU
		{9018E177-0D23-A395-8B82-0FEA94C47629}.Release|Any CPU.Build.0 = Release|Any CPU
		{8805F425-45E4-9745-AB37-DCA9B4B1C861}.Debug|Any CPU.ActiveCfg = Debug|Any CPU
		{8805F425-45E4-9745-AB37-DCA9B4B1C861}.Debug|Any CPU.Build.0 = Debug|Any CPU
		{8805F425-45E4-9745-AB37-DCA9B4B1C861}.Release|Any CPU.ActiveCfg = Release|Any CPU
		{8805F425-45E4-9745-AB37-DCA9B4B1C861}.Release|Any CPU.Build.0 = Release|Any CPU
		{47B94F0E-29EC-356E-FDAE-6A405494A378}.Debug|Any CPU.ActiveCfg = Debug|Any CPU
		{47B94F0E-29EC-356E-FDAE-6A405494A378}.Debug|Any CPU.Build.0 = Debug|Any CPU
		{47B94F0E-29EC-356E-FDAE-6A405494A378}.Release|Any CPU.ActiveCfg = Release|Any CPU
		{47B94F0E-29EC-356E-FDAE-6A405494A378}.Release|Any CPU.Build.0 = Release|Any CPU
	EndGlobalSection
	GlobalSection(SolutionProperties) = preSolution
		HideSolutionNode = FALSE
	EndGlobalSection
	GlobalSection(ExtensibilityGlobals) = postSolution
		SolutionGuid = {E76F5C1E-C4C2-4A64-A69D-D9F5DBD7058B}
	EndGlobalSection
EndGlobal
